
Microsoft Visual Studio Solution File, Format Version 12.00
# Visual Studio 15
VisualStudioVersion = 15.0.28307.421
MinimumVisualStudioVersion = 10.0.40219.1
Project("{FAE04EC0-301F-11D3-BF4B-00C04F79EFBC}") = "EmptyIt", "EmptyIt\EmptyIt.csproj", "{E145F222-1775-4955-B7B4-3513B811203D}"
EndProject
Global
	GlobalSection(SolutionConfigurationPlatforms) = preSolution
		Debug|Any CPU = Debug|Any CPU
		Release|Any CPU = Release|Any CPU
	EndGlobalSection
	GlobalSection(ProjectConfigurationPlatforms) = postSolution
		{E145F222-1775-4955-B7B4-3513B811203D}.Debug|Any CPU.ActiveCfg = Debug|Any CPU
		{E145F222-1775-4955-B7B4-3513B811203D}.Debug|Any CPU.Build.0 = Debug|Any CPU
		{E145F222-1775-4955-B7B4-3513B811203D}.Release|Any CPU.ActiveCfg = Release|Any CPU
		{E145F222-1775-4955-B7B4-3513B811203D}.Release|Any CPU.Build.0 = Release|Any CPU
	EndGlobalSection
	GlobalSection(SolutionProperties) = preSolution
		HideSolutionNode = FALSE
	EndGlobalSection
	GlobalSection(ExtensibilityGlobals) = postSolution
		SolutionGuid = {42A008DF-11AD-4BB3-A91D-EE1287004020}
	EndGlobalSection
EndGlobal
